
Microsoft Visual Studio Solution File, Format Version 12.00
# Visual Studio Version 17
VisualStudioVersion = 17.12.35527.113
MinimumVisualStudioVersion = 10.0.40219.1
Project("{FAE04EC0-301F-11D3-BF4B-00C04F79EFBC}") = "Project.NET", "Project.NET\Project.NET.csproj", "{D9831223-7EB3-4D7D-9EA2-99FF36F9378B}"
EndProject
Project("{2150E333-8FDC-42A3-9474-1A3956D46DE8}") = "Solution Items", "Solution Items", "{8EC462FD-D22E-90A8-E5CE-7E832BA40C5D}"
EndProject
Global
	GlobalSection(SolutionConfigurationPlatforms) = preSolution
		Debug|Any CPU = Debug|Any CPU
		Release|Any CPU = Release|Any CPU
	EndGlobalSection
	GlobalSection(ProjectConfigurationPlatforms) = postSolution
		{D9831223-7EB3-4D7D-9EA2-99FF36F9378B}.Debug|Any CPU.ActiveCfg = Debug|Any CPU
		{D9831223-7EB3-4D7D-9EA2-99FF36F9378B}.Debug|Any CPU.Build.0 = Debug|Any CPU
		{D9831223-7EB3-4D7D-9EA2-99FF36F9378B}.Release|Any CPU.ActiveCfg = Release|Any CPU
		{D9831223-7EB3-4D7D-9EA2-99FF36F9378B}.Release|Any CPU.Build.0 = Release|Any CPU
	EndGlobalSection
	GlobalSection(SolutionProperties) = preSolution
		HideSolutionNode = FALSE
	EndGlobalSection
	GlobalSection(ExtensibilityGlobals) = postSolution
		SolutionGuid = {F13EF59B-D901-4D25-B749-19F452989CF1}
	EndGlobalSection
EndGlobal
